{
  "name": "SmartStock-WebApp",
  "lockfileVersion": 2,
  "requires": true,
  "packages": {
    "": {
      "dependencies": {
        "@types/dotenv": "^8.2.0"
      },
      "devDependencies": {
        "@types/bcrypt-nodejs": "^0.0.31",
        "@types/cors": "^2.8.10",
        "@types/jsonwebtoken": "^8.5.2",
        "@types/mailgun-js": "^0.22.11",
        "@types/morgan": "^1.9.2",
        "@types/passport": "^1.0.6",
        "@types/swagger-ui-express": "^4.1.2"
      }
    },
    "node_modules/@types/bcrypt-nodejs": {
      "version": "0.0.31",
      "resolved": "https://registry.npmjs.org/@types/bcrypt-nodejs/-/bcrypt-nodejs-0.0.31.tgz",
      "integrity": "sha512-0J4tuZnKpVyHc5EIKTeIUIo6yBSjt7F004mifvqGPAQsETho7iHubjyBD8p1YENNWNYb1vfPhgjCsRH8zy84XQ==",
      "dev": true
    },
    "node_modules/@types/body-parser": {
      "version": "1.19.0",
      "resolved": "https://registry.npmjs.org/@types/body-parser/-/body-parser-1.19.0.tgz",
      "integrity": "sha512-W98JrE0j2K78swW4ukqMleo8R7h/pFETjM2DQ90MF6XK2i4LO4W3gQ71Lt4w3bfm2EvVSyWHplECvB5sK22yFQ==",
      "dev": true,
      "dependencies": {
        "@types/connect": "*",
        "@types/node": "*"
      }
    },
    "node_modules/@types/connect": {
      "version": "3.4.34",
      "resolved": "https://registry.npmjs.org/@types/connect/-/connect-3.4.34.tgz",
      "integrity": "sha512-ePPA/JuI+X0vb+gSWlPKOY0NdNAie/rPUqX2GUPpbZwiKTkSPhjXWuee47E4MtE54QVzGCQMQkAL6JhV2E1+cQ==",
      "dev": true,
      "dependencies": {
        "@types/node": "*"
      }
    },
    "node_modules/@types/cors": {
      "version": "2.8.10",
      "resolved": "https://registry.npmjs.org/@types/cors/-/cors-2.8.10.tgz",
      "integrity": "sha512-C7srjHiVG3Ey1nR6d511dtDkCEjxuN9W1HWAEjGq8kpcwmNM6JJkpC0xvabM7BXTG2wDq8Eu33iH9aQKa7IvLQ==",
      "dev": true
    },
    "node_modules/@types/dotenv": {
      "version": "8.2.0",
      "resolved": "https://registry.npmjs.org/@types/dotenv/-/dotenv-8.2.0.tgz",
      "integrity": "sha512-ylSC9GhfRH7m1EUXBXofhgx4lUWmFeQDINW5oLuS+gxWdfUeW4zJdeVTYVkexEW+e2VUvlZR2kGnGGipAWR7kw==",
      "deprecated": "This is a stub types definition. dotenv provides its own type definitions, so you do not need this installed.",
      "dependencies": {
        "dotenv": "*"
      }
    },
    "node_modules/@types/express": {
      "version": "4.17.12",
      "resolved": "https://registry.npmjs.org/@types/express/-/express-4.17.12.tgz",
      "integrity": "sha512-pTYas6FrP15B1Oa0bkN5tQMNqOcVXa9j4FTFtO8DWI9kppKib+6NJtfTOOLcwxuuYvcX2+dVG6et1SxW/Kc17Q==",
      "dev": true,
      "dependencies": {
        "@types/body-parser": "*",
        "@types/express-serve-static-core": "^4.17.18",
        "@types/qs": "*",
        "@types/serve-static": "*"
      }
    },
    "node_modules/@types/express-serve-static-core": {
      "version": "4.17.21",
      "resolved": "https://registry.npmjs.org/@types/express-serve-static-core/-/express-serve-static-core-4.17.21.tgz",
      "integrity": "sha512-gwCiEZqW6f7EoR8TTEfalyEhb1zA5jQJnRngr97+3pzMaO1RKoI1w2bw07TK72renMUVWcWS5mLI6rk1NqN0nA==",
      "dev": true,
      "dependencies": {
        "@types/node": "*",
        "@types/qs": "*",
        "@types/range-parser": "*"
      }
    },
    "node_modules/@types/jsonwebtoken": {
      "version": "8.5.2",
      "resolved": "https://registry.npmjs.org/@types/jsonwebtoken/-/jsonwebtoken-8.5.2.tgz",
      "integrity": "sha512-X8BOCkp+WJVNYCYIBugREtVZa4Y09Or9HDx6xqRZem5F8jJV8FuJgNessXyMuv9+U8pjnvdezASwU28uw+1scw==",
      "dev": true,
      "dependencies": {
        "@types/node": "*"
      }
    },
    "node_modules/@types/mailgun-js": {
      "version": "0.22.11",
      "resolved": "https://registry.npmjs.org/@types/mailgun-js/-/mailgun-js-0.22.11.tgz",
      "integrity": "sha512-aaUVSoWuVE5KpSfg1wkbdgZuMqycZnocBEdX5W39l80wZR+cLOhOHEbvQVLLY40ZhM7+tERRPCR+nVmCyAmE7w==",
      "dev": true,
      "dependencies": {
        "@types/node": "*",
        "form-data": "^2.5.0"
      }
    },
    "node_modules/@types/mime": {
      "version": "1.3.2",
      "resolved": "https://registry.npmjs.org/@types/mime/-/mime-1.3.2.tgz",
      "integrity": "sha512-YATxVxgRqNH6nHEIsvg6k2Boc1JHI9ZbH5iWFFv/MTkchz3b1ieGDa5T0a9RznNdI0KhVbdbWSN+KWWrQZRxTw==",
      "dev": true
    },
    "node_modules/@types/morgan": {
      "version": "1.9.2",
      "resolved": "https://registry.npmjs.org/@types/morgan/-/morgan-1.9.2.tgz",
      "integrity": "sha512-edtGMEdit146JwwIeyQeHHg9yID4WSolQPxpEorHmN3KuytuCHyn2ELNr5Uxy8SerniFbbkmgKMrGM933am5BQ==",
      "dev": true,
      "dependencies": {
        "@types/node": "*"
      }
    },
    "node_modules/@types/node": {
      "version": "15.12.3",
      "resolved": "https://registry.npmjs.org/@types/node/-/node-15.12.3.tgz",
      "integrity": "sha512-SNt65CPCXvGNDZ3bvk1TQ0Qxoe3y1RKH88+wZ2Uf05dduBCqqFQ76ADP9pbT+Cpvj60SkRppMCh2Zo8tDixqjQ==",
      "dev": true
    },
    "node_modules/@types/passport": {
      "version": "1.0.6",
      "resolved": "https://registry.npmjs.org/@types/passport/-/passport-1.0.6.tgz",
      "integrity": "sha512-9oKfrJXuAxvyxdrtMCxKkHgmd6DMO8NDOLvMJ1LvIWd6/xP+i81PAkpTaEca7VhJX9S009RciwZL/j6dsLsHrA==",
      "dev": true,
      "dependencies": {
        "@types/express": "*"
      }
    },
    "node_modules/@types/qs": {
      "version": "6.9.6",
      "resolved": "https://registry.npmjs.org/@types/qs/-/qs-6.9.6.tgz",
      "integrity": "sha512-0/HnwIfW4ki2D8L8c9GVcG5I72s9jP5GSLVF0VIXDW00kmIpA6O33G7a8n59Tmh7Nz0WUC3rSb7PTY/sdW2JzA==",
      "dev": true
    },
    "node_modules/@types/range-parser": {
      "version": "1.2.3",
      "resolved": "https://registry.npmjs.org/@types/range-parser/-/range-parser-1.2.3.tgz",
      "integrity": "sha512-ewFXqrQHlFsgc09MK5jP5iR7vumV/BYayNC6PgJO2LPe8vrnNFyjQjSppfEngITi0qvfKtzFvgKymGheFM9UOA==",
      "dev": true
    },
    "node_modules/@types/serve-static": {
      "version": "1.13.9",
      "resolved": "https://registry.npmjs.org/@types/serve-static/-/serve-static-1.13.9.tgz",
      "integrity": "sha512-ZFqF6qa48XsPdjXV5Gsz0Zqmux2PerNd3a/ktL45mHpa19cuMi/cL8tcxdAx497yRh+QtYPuofjT9oWw9P7nkA==",
      "dev": true,
      "dependencies": {
        "@types/mime": "^1",
        "@types/node": "*"
      }
    },
    "node_modules/@types/swagger-ui-express": {
      "version": "4.1.2",
      "resolved": "https://registry.npmjs.org/@types/swagger-ui-express/-/swagger-ui-express-4.1.2.tgz",
      "integrity": "sha512-t9teFTU8dKe69rX9EwL6OM2hbVquYdFM+sQ0REny4RalPlxAm+zyP04B12j4c7qEuDS6CnlwICywqWStPA3v4g==",
      "dev": true,
      "dependencies": {
        "@types/express": "*",
        "@types/serve-static": "*"
      }
    },
    "node_modules/asynckit": {
      "version": "0.4.0",
      "resolved": "https://registry.npmjs.org/asynckit/-/asynckit-0.4.0.tgz",
      "integrity": "sha1-x57Zf380y48robyXkLzDZkdLS3k=",
      "dev": true
    },
    "node_modules/combined-stream": {
      "version": "1.0.8",
      "resolved": "https://registry.npmjs.org/combined-stream/-/combined-stream-1.0.8.tgz",
      "integrity": "sha512-FQN4MRfuJeHf7cBbBMJFXhKSDq+2kAArBlmRBvcvFE5BB1HZKXtSFASDhdlz9zOYwxh8lDdnvmMOe/+5cdoEdg==",
      "dev": true,
      "dependencies": {
        "delayed-stream": "~1.0.0"
      },
      "engines": {
        "node": ">= 0.8"
      }
    },
    "node_modules/delayed-stream": {
      "version": "1.0.0",
      "resolved": "https://registry.npmjs.org/delayed-stream/-/delayed-stream-1.0.0.tgz",
      "integrity": "sha1-3zrhmayt+31ECqrgsp4icrJOxhk=",
      "dev": true,
      "engines": {
        "node": ">=0.4.0"
      }
    },
    "node_modules/dotenv": {
      "version": "10.0.0",
      "resolved": "https://registry.npmjs.org/dotenv/-/dotenv-10.0.0.tgz",
      "integrity": "sha512-rlBi9d8jpv9Sf1klPjNfFAuWDjKLwTIJJ/VxtoTwIR6hnZxcEOQCZg2oIL3MWBYw5GpUDKOEnND7LXTbIpQ03Q==",
      "engines": {
        "node": ">=10"
      }
    },
    "node_modules/form-data": {
      "version": "2.5.1",
      "resolved": "https://registry.npmjs.org/form-data/-/form-data-2.5.1.tgz",
      "integrity": "sha512-m21N3WOmEEURgk6B9GLOE4RuWOFf28Lhh9qGYeNlGq4VDXUlJy2th2slBNU8Gp8EzloYZOibZJ7t5ecIrFSjVA==",
      "dev": true,
      "dependencies": {
        "asynckit": "^0.4.0",
        "combined-stream": "^1.0.6",
        "mime-types": "^2.1.12"
      },
      "engines": {
        "node": ">= 0.12"
      }
    },
    "node_modules/mime-db": {
      "version": "1.48.0",
      "resolved": "https://registry.npmjs.org/mime-db/-/mime-db-1.48.0.tgz",
      "integrity": "sha512-FM3QwxV+TnZYQ2aRqhlKBMHxk10lTbMt3bBkMAp54ddrNeVSfcQYOOKuGuy3Ddrm38I04If834fOUSq1yzslJQ==",
      "dev": true,
      "engines": {
        "node": ">= 0.6"
      }
    },
    "node_modules/mime-types": {
      "version": "2.1.31",
      "resolved": "https://registry.npmjs.org/mime-types/-/mime-types-2.1.31.tgz",
      "integrity": "sha512-XGZnNzm3QvgKxa8dpzyhFTHmpP3l5YNusmne07VUOXxou9CqUqYa/HBy124RqtVh/O2pECas/MOcsDgpilPOPg==",
      "dev": true,
      "dependencies": {
        "mime-db": "1.48.0"
      },
      "engines": {
        "node": ">= 0.6"
      }
    }
  },
  "dependencies": {
    "@types/bcrypt-nodejs": {
      "version": "0.0.31",
      "resolved": "https://registry.npmjs.org/@types/bcrypt-nodejs/-/bcrypt-nodejs-0.0.31.tgz",
      "integrity": "sha512-0J4tuZnKpVyHc5EIKTeIUIo6yBSjt7F004mifvqGPAQsETho7iHubjyBD8p1YENNWNYb1vfPhgjCsRH8zy84XQ==",
      "dev": true
    },
    "@types/body-parser": {
      "version": "1.19.0",
      "resolved": "https://registry.npmjs.org/@types/body-parser/-/body-parser-1.19.0.tgz",
      "integrity": "sha512-W98JrE0j2K78swW4ukqMleo8R7h/pFETjM2DQ90MF6XK2i4LO4W3gQ71Lt4w3bfm2EvVSyWHplECvB5sK22yFQ==",
      "dev": true,
      "requires": {
        "@types/connect": "*",
        "@types/node": "*"
      }
    },
    "@types/connect": {
      "version": "3.4.34",
      "resolved": "https://registry.npmjs.org/@types/connect/-/connect-3.4.34.tgz",
      "integrity": "sha512-ePPA/JuI+X0vb+gSWlPKOY0NdNAie/rPUqX2GUPpbZwiKTkSPhjXWuee47E4MtE54QVzGCQMQkAL6JhV2E1+cQ==",
      "dev": true,
      "requires": {
        "@types/node": "*"
      }
    },
    "@types/cors": {
      "version": "2.8.10",
      "resolved": "https://registry.npmjs.org/@types/cors/-/cors-2.8.10.tgz",
      "integrity": "sha512-C7srjHiVG3Ey1nR6d511dtDkCEjxuN9W1HWAEjGq8kpcwmNM6JJkpC0xvabM7BXTG2wDq8Eu33iH9aQKa7IvLQ==",
      "dev": true
    },
    "@types/dotenv": {
      "version": "8.2.0",
      "resolved": "https://registry.npmjs.org/@types/dotenv/-/dotenv-8.2.0.tgz",
      "integrity": "sha512-ylSC9GhfRH7m1EUXBXofhgx4lUWmFeQDINW5oLuS+gxWdfUeW4zJdeVTYVkexEW+e2VUvlZR2kGnGGipAWR7kw==",
      "requires": {
        "dotenv": "*"
      }
    },
    "@types/express": {
      "version": "4.17.12",
      "resolved": "https://registry.npmjs.org/@types/express/-/express-4.17.12.tgz",
      "integrity": "sha512-pTYas6FrP15B1Oa0bkN5tQMNqOcVXa9j4FTFtO8DWI9kppKib+6NJtfTOOLcwxuuYvcX2+dVG6et1SxW/Kc17Q==",
      "dev": true,
      "requires": {
        "@types/body-parser": "*",
        "@types/express-serve-static-core": "^4.17.18",
        "@types/qs": "*",
        "@types/serve-static": "*"
      }
    },
    "@types/express-serve-static-core": {
      "version": "4.17.21",
      "resolved": "https://registry.npmjs.org/@types/express-serve-static-core/-/express-serve-static-core-4.17.21.tgz",
      "integrity": "sha512-gwCiEZqW6f7EoR8TTEfalyEhb1zA5jQJnRngr97+3pzMaO1RKoI1w2bw07TK72renMUVWcWS5mLI6rk1NqN0nA==",
      "dev": true,
      "requires": {
        "@types/node": "*",
        "@types/qs": "*",
        "@types/range-parser": "*"
      }
    },
    "@types/jsonwebtoken": {
      "version": "8.5.2",
      "resolved": "https://registry.npmjs.org/@types/jsonwebtoken/-/jsonwebtoken-8.5.2.tgz",
      "integrity": "sha512-X8BOCkp+WJVNYCYIBugREtVZa4Y09Or9HDx6xqRZem5F8jJV8FuJgNessXyMuv9+U8pjnvdezASwU28uw+1scw==",
      "dev": true,
      "requires": {
        "@types/node": "*"
      }
    },
    "@types/mailgun-js": {
      "version": "0.22.11",
      "resolved": "https://registry.npmjs.org/@types/mailgun-js/-/mailgun-js-0.22.11.tgz",
      "integrity": "sha512-aaUVSoWuVE5KpSfg1wkbdgZuMqycZnocBEdX5W39l80wZR+cLOhOHEbvQVLLY40ZhM7+tERRPCR+nVmCyAmE7w==",
      "dev": true,
      "requires": {
        "@types/node": "*",
        "form-data": "^2.5.0"
      }
    },
    "@types/mime": {
      "version": "1.3.2",
      "resolved": "https://registry.npmjs.org/@types/mime/-/mime-1.3.2.tgz",
      "integrity": "sha512-YATxVxgRqNH6nHEIsvg6k2Boc1JHI9ZbH5iWFFv/MTkchz3b1ieGDa5T0a9RznNdI0KhVbdbWSN+KWWrQZRxTw==",
      "dev": true
    },
    "@types/morgan": {
      "version": "1.9.2",
      "resolved": "https://registry.npmjs.org/@types/morgan/-/morgan-1.9.2.tgz",
      "integrity": "sha512-edtGMEdit146JwwIeyQeHHg9yID4WSolQPxpEorHmN3KuytuCHyn2ELNr5Uxy8SerniFbbkmgKMrGM933am5BQ==",
      "dev": true,
      "requires": {
        "@types/node": "*"
      }
    },
    "@types/node": {
      "version": "15.12.3",
      "resolved": "https://registry.npmjs.org/@types/node/-/node-15.12.3.tgz",
      "integrity": "sha512-SNt65CPCXvGNDZ3bvk1TQ0Qxoe3y1RKH88+wZ2Uf05dduBCqqFQ76ADP9pbT+Cpvj60SkRppMCh2Zo8tDixqjQ==",
      "dev": true
    },
    "@types/passport": {
      "version": "1.0.6",
      "resolved": "https://registry.npmjs.org/@types/passport/-/passport-1.0.6.tgz",
      "integrity": "sha512-9oKfrJXuAxvyxdrtMCxKkHgmd6DMO8NDOLvMJ1LvIWd6/xP+i81PAkpTaEca7VhJX9S009RciwZL/j6dsLsHrA==",
      "dev": true,
      "requires": {
        "@types/express": "*"
      }
    },
    "@types/qs": {
      "version": "6.9.6",
      "resolved": "https://registry.npmjs.org/@types/qs/-/qs-6.9.6.tgz",
      "integrity": "sha512-0/HnwIfW4ki2D8L8c9GVcG5I72s9jP5GSLVF0VIXDW00kmIpA6O33G7a8n59Tmh7Nz0WUC3rSb7PTY/sdW2JzA==",
      "dev": true
    },
    "@types/range-parser": {
      "version": "1.2.3",
      "resolved": "https://registry.npmjs.org/@types/range-parser/-/range-parser-1.2.3.tgz",
      "integrity": "sha512-ewFXqrQHlFsgc09MK5jP5iR7vumV/BYayNC6PgJO2LPe8vrnNFyjQjSppfEngITi0qvfKtzFvgKymGheFM9UOA==",
      "dev": true
    },
    "@types/serve-static": {
      "version": "1.13.9",
      "resolved": "https://registry.npmjs.org/@types/serve-static/-/serve-static-1.13.9.tgz",
      "integrity": "sha512-ZFqF6qa48XsPdjXV5Gsz0Zqmux2PerNd3a/ktL45mHpa19cuMi/cL8tcxdAx497yRh+QtYPuofjT9oWw9P7nkA==",
      "dev": true,
      "requires": {
        "@types/mime": "^1",
        "@types/node": "*"
      }
    },
    "@types/swagger-ui-express": {
      "version": "4.1.2",
      "resolved": "https://registry.npmjs.org/@types/swagger-ui-express/-/swagger-ui-express-4.1.2.tgz",
      "integrity": "sha512-t9teFTU8dKe69rX9EwL6OM2hbVquYdFM+sQ0REny4RalPlxAm+zyP04B12j4c7qEuDS6CnlwICywqWStPA3v4g==",
      "dev": true,
      "requires": {
        "@types/express": "*",
        "@types/serve-static": "*"
      }
    },
    "asynckit": {
      "version": "0.4.0",
      "resolved": "https://registry.npmjs.org/asynckit/-/asynckit-0.4.0.tgz",
      "integrity": "sha1-x57Zf380y48robyXkLzDZkdLS3k=",
      "dev": true
    },
    "combined-stream": {
      "version": "1.0.8",
      "resolved": "https://registry.npmjs.org/combined-stream/-/combined-stream-1.0.8.tgz",
      "integrity": "sha512-FQN4MRfuJeHf7cBbBMJFXhKSDq+2kAArBlmRBvcvFE5BB1HZKXtSFASDhdlz9zOYwxh8lDdnvmMOe/+5cdoEdg==",
      "dev": true,
      "requires": {
        "delayed-stream": "~1.0.0"
      }
    },
    "delayed-stream": {
      "version": "1.0.0",
      "resolved": "https://registry.npmjs.org/delayed-stream/-/delayed-stream-1.0.0.tgz",
      "integrity": "sha1-3zrhmayt+31ECqrgsp4icrJOxhk=",
      "dev": true
    },
    "dotenv": {
      "version": "10.0.0",
      "resolved": "https://registry.npmjs.org/dotenv/-/dotenv-10.0.0.tgz",
      "integrity": "sha512-rlBi9d8jpv9Sf1klPjNfFAuWDjKLwTIJJ/VxtoTwIR6hnZxcEOQCZg2oIL3MWBYw5GpUDKOEnND7LXTbIpQ03Q=="
    },
    "form-data": {
      "version": "2.5.1",
      "resolved": "https://registry.npmjs.org/form-data/-/form-data-2.5.1.tgz",
      "integrity": "sha512-m21N3WOmEEURgk6B9GLOE4RuWOFf28Lhh9qGYeNlGq4VDXUlJy2th2slBNU8Gp8EzloYZOibZJ7t5ecIrFSjVA==",
      "dev": true,
      "requires": {
        "asynckit": "^0.4.0",
        "combined-stream": "^1.0.6",
        "mime-types": "^2.1.12"
      }
    },
    "mime-db": {
      "version": "1.48.0",
      "resolved": "https://registry.npmjs.org/mime-db/-/mime-db-1.48.0.tgz",
      "integrity": "sha512-FM3QwxV+TnZYQ2aRqhlKBMHxk10lTbMt3bBkMAp54ddrNeVSfcQYOOKuGuy3Ddrm38I04If834fOUSq1yzslJQ==",
      "dev": true
    },
    "mime-types": {
      "version": "2.1.31",
      "resolved": "https://registry.npmjs.org/mime-types/-/mime-types-2.1.31.tgz",
      "integrity": "sha512-XGZnNzm3QvgKxa8dpzyhFTHmpP3l5YNusmne07VUOXxou9CqUqYa/HBy124RqtVh/O2pECas/MOcsDgpilPOPg==",
      "dev": true,
      "requires": {
        "mime-db": "1.48.0"
      }
    }
  }
}
